{
  "name": "firstapp",
  "version": "1.0.0",
  "lockfileVersion": 1,
  "requires": true,
  "dependencies": {
    "electron": {
      "version": "4.0.1",
      "resolved": "http://registry.npm.taobao.org/electron/download/electron-4.0.1.tgz",
      "dev": true,
      "dependencies": {
        "@types/node": {
          "version": "http://registry.npm.taobao.org/@types/node/download/@types/node-10.12.18.tgz",
          "bundled": true
        },
        "electron-download": {
          "version": "http://registry.npm.taobao.org/electron-download/download/electron-download-4.1.1.tgz",
          "bundled": true
        },
        "extract-zip": {
          "version": "http://registry.npm.taobao.org/extract-zip/download/extract-zip-1.6.7.tgz",
          "bundled": true
        }
      }
    }
  }
}
